
Microsoft Visual Studio Solution File, Format Version 12.00
# Visual Studio Version 17
VisualStudioVersion = 17.0.31903.59
MinimumVisualStudioVersion = 10.0.40219.1
Project("{2150E333-8FDC-42A3-9474-1A3956D46DE8}") = "src", "src", "{827E0CD3-B72D-47B6-A68D-7590B98EB39B}"
EndProject
Project("{FAE04EC0-301F-11D3-BF4B-00C04F79EFBC}") = "PeopleOS.Api", "src\PeopleOS.Api\PeopleOS.Api.csproj", "{9967B64C-9393-4F86-9938-B34A4C2BA190}"
EndProject
Project("{FAE04EC0-301F-11D3-BF4B-00C04F79EFBC}") = "PeopleOS.Application", "src\PeopleOS.Application\PeopleOS.Application.csproj", "{C6A796FB-AA1E-4DB5-9353-9E3A0E11217D}"
EndProject
Project("{FAE04EC0-301F-11D3-BF4B-00C04F79EFBC}") = "PeopleOS.Domain", "src\PeopleOS.Domain\PeopleOS.Domain.csproj", "{F90E5CED-2DEC-429F-9797-2052D1F6EF0A}"
EndProject
Project("{FAE04EC0-301F-11D3-BF4B-00C04F79EFBC}") = "PeopleOS.Infrastructure", "src\PeopleOS.Infrastructure\PeopleOS.Infrastructure.csproj", "{4799AA1C-3625-4884-B1E0-2A9686CC2507}"
EndProject
Project("{FAE04EC0-301F-11D3-BF4B-00C04F79EFBC}") = "PeopleOS.Shared", "src\PeopleOS.Shared\PeopleOS.Shared.csproj", "{C6A5D4E7-2CB2-4301-B7FF-F5B23DE3DA91}"
EndProject
Project("{2150E333-8FDC-42A3-9474-1A3956D46DE8}") = "tests", "tests", "{0AB3BF05-4346-4AA6-1389-037BE0695223}"
EndProject
Project("{FAE04EC0-301F-11D3-BF4B-00C04F79EFBC}") = "PeopleOS.UnitTests", "tests\PeopleOS.UnitTests\PeopleOS.UnitTests.csproj", "{D50F5A7C-B0A4-4243-A465-509AE04C94FE}"
EndProject
Project("{FAE04EC0-301F-11D3-BF4B-00C04F79EFBC}") = "PeopleOS.IntegrationTests", "tests\PeopleOS.IntegrationTests\PeopleOS.IntegrationTests.csproj", "{98EFB0A0-017B-4CCB-99C7-856C32A323AA}"
EndProject
Global
	GlobalSection(SolutionConfigurationPlatforms) = preSolution
		Debug|Any CPU = Debug|Any CPU
		Debug|x64 = Debug|x64
		Debug|x86 = Debug|x86
		Release|Any CPU = Release|Any CPU
		Release|x64 = Release|x64
		Release|x86 = Release|x86
	EndGlobalSection
	GlobalSection(ProjectConfigurationPlatforms) = postSolution
		{9967B64C-9393-4F86-9938-B34A4C2BA190}.Debug|Any CPU.ActiveCfg = Debug|Any CPU
		{9967B64C-9393-4F86-9938-B34A4C2BA190}.Debug|Any CPU.Build.0 = Debug|Any CPU
		{9967B64C-9393-4F86-9938-B34A4C2BA190}.Debug|x64.ActiveCfg = Debug|Any CPU
		{9967B64C-9393-4F86-9938-B34A4C2BA190}.Debug|x64.Build.0 = Debug|Any CPU
		{9967B64C-9393-4F86-9938-B34A4C2BA190}.Debug|x86.ActiveCfg = Debug|Any CPU
		{9967B64C-9393-4F86-9938-B34A4C2BA190}.Debug|x86.Build.0 = Debug|Any CPU
		{9967B64C-9393-4F86-9938-B34A4C2BA190}.Release|Any CPU.ActiveCfg = Release|Any CPU
		{9967B64C-9393-4F86-9938-B34A4C2BA190}.Release|Any CPU.Build.0 = Release|Any CPU
		{9967B64C-9393-4F86-9938-B34A4C2BA190}.Release|x64.ActiveCfg = Release|Any CPU
		{9967B64C-9393-4F86-9938-B34A4C2BA190}.Release|x64.Build.0 = Release|Any CPU
		{9967B64C-9393-4F86-9938-B34A4C2BA190}.Release|x86.ActiveCfg = Release|Any CPU
		{9967B64C-9393-4F86-9938-B34A4C2BA190}.Release|x86.Build.0 = Release|Any CPU
		{C6A796FB-AA1E-4DB5-9353-9E3A0E11217D}.Debug|Any CPU.ActiveCfg = Debug|Any CPU
		{C6A796FB-AA1E-4DB5-9353-9E3A0E11217D}.Debug|Any CPU.Build.0 = Debug|Any CPU
		{C6A796FB-AA1E-4DB5-9353-9E3A0E11217D}.Debug|x64.ActiveCfg = Debug|Any CPU
		{C6A796FB-AA1E-4DB5-9353-9E3A0E11217D}.Debug|x64.Build.0 = Debug|Any CPU
		{C6A796FB-AA1E-4DB5-9353-9E3A0E11217D}.Debug|x86.ActiveCfg = Debug|Any CPU
		{C6A796FB-AA1E-4DB5-9353-9E3A0E11217D}.Debug|x86.Build.0 = Debug|Any CPU
		{C6A796FB-AA1E-4DB5-9353-9E3A0E11217D}.Release|Any CPU.ActiveCfg = Release|Any CPU
		{C6A796FB-AA1E-4DB5-9353-9E3A0E11217D}.Release|Any CPU.Build.0 = Release|Any CPU
		{C6A796FB-AA1E-4DB5-9353-9E3A0E11217D}.Release|x64.ActiveCfg = Release|Any CPU
		{C6A796FB-AA1E-4DB5-9353-9E3A0E11217D}.Release|x64.Build.0 = Release|Any CPU
		{C6A796FB-AA1E-4DB5-9353-9E3A0E11217D}.Release|x86.ActiveCfg = Release|Any CPU
		{C6A796FB-AA1E-4DB5-9353-9E3A0E11217D}.Release|x86.Build.0 = Release|Any CPU
		{F90E5CED-2DEC-429F-9797-2052D1F6EF0A}.Debug|Any CPU.ActiveCfg = Debug|Any CPU
		{F90E5CED-2DEC-429F-9797-2052D1F6EF0A}.Debug|Any CPU.Build.0 = Debug|Any CPU
		{F90E5CED-2DEC-429F-9797-2052D1F6EF0A}.Debug|x64.ActiveCfg = Debug|Any CPU
		{F90E5CED-2DEC-429F-9797-2052D1F6EF0A}.Debug|x64.Build.0 = Debug|Any CPU
		{F90E5CED-2DEC-429F-9797-2052D1F6EF0A}.Debug|x86.ActiveCfg = Debug|Any CPU
		{F90E5CED-2DEC-429F-9797-2052D1F6EF0A}.Debug|x86.Build.0 = Debug|Any CPU
		{F90E5CED-2DEC-429F-9797-2052D1F6EF0A}.Release|Any CPU.ActiveCfg = Release|Any CPU
		{F90E5CED-2DEC-429F-9797-2052D1F6EF0A}.Release|Any CPU.Build.0 = Release|Any CPU
		{F90E5CED-2DEC-429F-9797-2052D1F6EF0A}.Release|x64.ActiveCfg = Release|Any CPU
		{F90E5CED-2DEC-429F-9797-2052D1F6EF0A}.Release|x64.Build.0 = Release|Any CPU
		{F90E5CED-2DEC-429F-9797-2052D1F6EF0A}.Release|x86.ActiveCfg = Release|Any CPU
		{F90E5CED-2DEC-429F-9797-2052D1F6EF0A}.Release|x86.Build.0 = Release|Any CPU
		{4799AA1C-3625-4884-B1E0-2A9686CC2507}.Debug|Any CPU.ActiveCfg = Debug|Any CPU
		{4799AA1C-3625-4884-B1E0-2A9686CC2507}.Debug|Any CPU.Build.0 = Debug|Any CPU
		{4799AA1C-3625-4884-B1E0-2A9686CC2507}.Debug|x64.ActiveCfg = Debug|Any CPU
		{4799AA1C-3625-4884-B1E0-2A9686CC2507}.Debug|x64.Build.0 = Debug|Any CPU
		{4799AA1C-3625-4884-B1E0-2A9686CC2507}.Debug|x86.ActiveCfg = Debug|Any CPU
		{4799AA1C-3625-4884-B1E0-2A9686CC2507}.Debug|x86.Build.0 = Debug|Any CPU
		{4799AA1C-3625-4884-B1E0-2A9686CC2507}.Release|Any CPU.ActiveCfg = Release|Any CPU
		{4799AA1C-3625-4884-B1E0-2A9686CC2507}.Release|Any CPU.Build.0 = Release|Any CPU
		{4799AA1C-3625-4884-B1E0-2A9686CC2507}.Release|x64.ActiveCfg = Release|Any CPU
		{4799AA1C-3625-4884-B1E0-2A9686CC2507}.Release|x64.Build.0 = Release|Any CPU
		{4799AA1C-3625-4884-B1E0-2A9686CC2507}.Release|x86.ActiveCfg = Release|Any CPU
		{4799AA1C-3625-4884-B1E0-2A9686CC2507}.Release|x86.Build.0 = Release|Any CPU
		{C6A5D4E7-2CB2-4301-B7FF-F5B23DE3DA91}.Debug|Any CPU.ActiveCfg = Debug|Any CPU
		{C6A5D4E7-2CB2-4301-B7FF-F5B23DE3DA91}.Debug|Any CPU.Build.0 = Debug|Any CPU
		{C6A5D4E7-2CB2-4301-B7FF-F5B23DE3DA91}.Debug|x64.ActiveCfg = Debug|Any CPU
		{C6A5D4E7-2CB2-4301-B7FF-F5B23DE3DA91}.Debug|x64.Build.0 = Debug|Any CPU
		{C6A5D4E7-2CB2-4301-B7FF-F5B23DE3DA91}.Debug|x86.ActiveCfg = Debug|Any CPU
		{C6A5D4E7-2CB2-4301-B7FF-F5B23DE3DA91}.Debug|x86.Build.0 = Debug|Any CPU
		{C6A5D4E7-2CB2-4301-B7FF-F5B23DE3DA91}.Release|Any CPU.ActiveCfg = Release|Any CPU
		{C6A5D4E7-2CB2-4301-B7FF-F5B23DE3DA91}.Release|Any CPU.Build.0 = Release|Any CPU
		{C6A5D4E7-2CB2-4301-B7FF-F5B23DE3DA91}.Release|x64.ActiveCfg = Release|Any CPU
		{C6A5D4E7-2CB2-4301-B7FF-F5B23DE3DA91}.Release|x64.Build.0 = Release|Any CPU
		{C6A5D4E7-2CB2-4301-B7FF-F5B23DE3DA91}.Release|x86.ActiveCfg = Release|Any CPU
		{C6A5D4E7-2CB2-4301-B7FF-F5B23DE3DA91}.Release|x86.Build.0 = Release|Any CPU
		{D50F5A7C-B0A4-4243-A465-509AE04C94FE}.Debug|Any CPU.ActiveCfg = Debug|Any CPU
		{D50F5A7C-B0A4-4243-A465-509AE04C94FE}.Debug|Any CPU.Build.0 = Debug|Any CPU
		{D50F5A7C-B0A4-4243-A465-509AE04C94FE}.Debug|x64.ActiveCfg = Debug|Any CPU
		{D50F5A7C-B0A4-4243-A465-509AE04C94FE}.Debug|x64.Build.0 = Debug|Any CPU
		{D50F5A7C-B0A4-4243-A465-509AE04C94FE}.Debug|x86.ActiveCfg = Debug|Any CPU
		{D50F5A7C-B0A4-4243-A465-509AE04C94FE}.Debug|x86.Build.0 = Debug|Any CPU
		{D50F5A7C-B0A4-4243-A465-509AE04C94FE}.Release|Any CPU.ActiveCfg = Release|Any CPU
		{D50F5A7C-B0A4-4243-A465-509AE04C94FE}.Release|Any CPU.Build.0 = Release|Any CPU
		{D50F5A7C-B0A4-4243-A465-509AE04C94FE}.Release|x64.ActiveCfg = Release|Any CPU
		{D50F5A7C-B0A4-4243-A465-509AE04C94FE}.Release|x64.Build.0 = Release|Any CPU
		{D50F5A7C-B0A4-4243-A465-509AE04C94FE}.Release|x86.ActiveCfg = Release|Any CPU
		{D50F5A7C-B0A4-4243-A465-509AE04C94FE}.Release|x86.Build.0 = Release|Any CPU
		{98EFB0A0-017B-4CCB-99C7-856C32A323AA}.Debug|Any CPU.ActiveCfg = Debug|Any CPU
		{98EFB0A0-017B-4CCB-99C7-856C32A323AA}.Debug|Any CPU.Build.0 = Debug|Any CPU
		{98EFB0A0-017B-4CCB-99C7-856C32A323AA}.Debug|x64.ActiveCfg = Debug|Any CPU
		{98EFB0A0-017B-4CCB-99C7-856C32A323AA}.Debug|x64.Build.0 = Debug|Any CPU
		{98EFB0A0-017B-4CCB-99C7-856C32A323AA}.Debug|x86.ActiveCfg = Debug|Any CPU
		{98EFB0A0-017B-4CCB-99C7-856C32A323AA}.Debug|x86.Build.0 = Debug|Any CPU
		{98EFB0A0-017B-4CCB-99C7-856C32A323AA}.Release|Any CPU.ActiveCfg = Release|Any CPU
		{98EFB0A0-017B-4CCB-99C7-856C32A323AA}.Release|Any CPU.Build.0 = Release|Any CPU
		{98EFB0A0-017B-4CCB-99C7-856C32A323AA}.Release|x64.ActiveCfg = Release|Any CPU
		{98EFB0A0-017B-4CCB-99C7-856C32A323AA}.Release|x64.Build.0 = Release|Any CPU
		{98EFB0A0-017B-4CCB-99C7-856C32A323AA}.Release|x86.ActiveCfg = Release|Any CPU
		{98EFB0A0-017B-4CCB-99C7-856C32A323AA}.Release|x86.Build.0 = Release|Any CPU
	EndGlobalSection
	GlobalSection(SolutionProperties) = preSolution
		HideSolutionNode = FALSE
	EndGlobalSection
	GlobalSection(NestedProjects) = preSolution
		{9967B64C-9393-4F86-9938-B34A4C2BA190} = {827E0CD3-B72D-47B6-A68D-7590B98EB39B}
		{C6A796FB-AA1E-4DB5-9353-9E3A0E11217D} = {827E0CD3-B72D-47B6-A68D-7590B98EB39B}
		{F90E5CED-2DEC-429F-9797-2052D1F6EF0A} = {827E0CD3-B72D-47B6-A68D-7590B98EB39B}
		{4799AA1C-3625-4884-B1E0-2A9686CC2507} = {827E0CD3-B72D-47B6-A68D-7590B98EB39B}
		{C6A5D4E7-2CB2-4301-B7FF-F5B23DE3DA91} = {827E0CD3-B72D-47B6-A68D-7590B98EB39B}
		{D50F5A7C-B0A4-4243-A465-509AE04C94FE} = {0AB3BF05-4346-4AA6-1389-037BE0695223}
		{98EFB0A0-017B-4CCB-99C7-856C32A323AA} = {0AB3BF05-4346-4AA6-1389-037BE0695223}
	EndGlobalSection
EndGlobal
